
Microsoft Visual Studio Solution File, Format Version 12.00
# Visual Studio Version 16
VisualStudioVersion = 16.0.30413.136
MinimumVisualStudioVersion = 15.0.26124.0
Project("{2150E333-8FDC-42A3-9474-1A3956D46DE8}") = "Domain", "Domain", "{7A5CE212-49EB-4FF8-9873-2BAEE35C0ECC}"
EndProject
Project("{2150E333-8FDC-42A3-9474-1A3956D46DE8}") = "Infra.Bus", "Infra.Bus", "{2C28D0C8-194B-48D7-83FD-75E7A24B2050}"
EndProject
Project("{2150E333-8FDC-42A3-9474-1A3956D46DE8}") = "Infra.IOC", "Infra.IOC", "{A75889C4-1547-447C-AC82-1C039908F479}"
EndProject
Project("{2150E333-8FDC-42A3-9474-1A3956D46DE8}") = "Microservices", "Microservices", "{102781C6-5BEE-47D1-8917-C9609ECA7ABB}"
EndProject
Project("{2150E333-8FDC-42A3-9474-1A3956D46DE8}") = "Presentation", "Presentation", "{2BCD47DB-DFA4-48D7-BC20-6B9C051166EF}"
EndProject
Project("{FAE04EC0-301F-11D3-BF4B-00C04F79EFBC}") = "MicroRabbit.Domain.Core", "MicroRabbit.Domain.Core\MicroRabbit.Domain.Core.csproj", "{1DF00BDF-E055-48EA-BF00-38A6C481DF7B}"
EndProject
Project("{FAE04EC0-301F-11D3-BF4B-00C04F79EFBC}") = "MicroRabbit.Infra.Bus", "MicroRabbit.Infra.Bus\MicroRabbit.Infra.Bus.csproj", "{9399C6B2-9BC4-4E56-9074-67F315C212B5}"
EndProject
Project("{FAE04EC0-301F-11D3-BF4B-00C04F79EFBC}") = "MicroRabbit.Infra.IoC", "MicroRabbit.Infra.IoC\MicroRabbit.Infra.IoC.csproj", "{96D69D37-0712-4542-BC96-3522EE327872}"
EndProject
Global
	GlobalSection(SolutionConfigurationPlatforms) = preSolution
		Debug|Any CPU = Debug|Any CPU
		Debug|x64 = Debug|x64
		Debug|x86 = Debug|x86
		Release|Any CPU = Release|Any CPU
		Release|x64 = Release|x64
		Release|x86 = Release|x86
	EndGlobalSection
	GlobalSection(ProjectConfigurationPlatforms) = postSolution
		{1DF00BDF-E055-48EA-BF00-38A6C481DF7B}.Debug|Any CPU.ActiveCfg = Debug|Any CPU
		{1DF00BDF-E055-48EA-BF00-38A6C481DF7B}.Debug|Any CPU.Build.0 = Debug|Any CPU
		{1DF00BDF-E055-48EA-BF00-38A6C481DF7B}.Debug|x64.ActiveCfg = Debug|Any CPU
		{1DF00BDF-E055-48EA-BF00-38A6C481DF7B}.Debug|x64.Build.0 = Debug|Any CPU
		{1DF00BDF-E055-48EA-BF00-38A6C481DF7B}.Debug|x86.ActiveCfg = Debug|Any CPU
		{1DF00BDF-E055-48EA-BF00-38A6C481DF7B}.Debug|x86.Build.0 = Debug|Any CPU
		{1DF00BDF-E055-48EA-BF00-38A6C481DF7B}.Release|Any CPU.ActiveCfg = Release|Any CPU
		{1DF00BDF-E055-48EA-BF00-38A6C481DF7B}.Release|Any CPU.Build.0 = Release|Any CPU
		{1DF00BDF-E055-48EA-BF00-38A6C481DF7B}.Release|x64.ActiveCfg = Release|Any CPU
		{1DF00BDF-E055-48EA-BF00-38A6C481DF7B}.Release|x64.Build.0 = Release|Any CPU
		{1DF00BDF-E055-48EA-BF00-38A6C481DF7B}.Release|x86.ActiveCfg = Release|Any CPU
		{1DF00BDF-E055-48EA-BF00-38A6C481DF7B}.Release|x86.Build.0 = Release|Any CPU
		{9399C6B2-9BC4-4E56-9074-67F315C212B5}.Debug|Any CPU.ActiveCfg = Debug|Any CPU
		{9399C6B2-9BC4-4E56-9074-67F315C212B5}.Debug|Any CPU.Build.0 = Debug|Any CPU
		{9399C6B2-9BC4-4E56-9074-67F315C212B5}.Debug|x64.ActiveCfg = Debug|Any CPU
		{9399C6B2-9BC4-4E56-9074-67F315C212B5}.Debug|x64.Build.0 = Debug|Any CPU
		{9399C6B2-9BC4-4E56-9074-67F315C212B5}.Debug|x86.ActiveCfg = Debug|Any CPU
		{9399C6B2-9BC4-4E56-9074-67F315C212B5}.Debug|x86.Build.0 = Debug|Any CPU
		{9399C6B2-9BC4-4E56-9074-67F315C212B5}.Release|Any CPU.ActiveCfg = Release|Any CPU
		{9399C6B2-9BC4-4E56-9074-67F315C212B5}.Release|Any CPU.Build.0 = Release|Any CPU
		{9399C6B2-9BC4-4E56-9074-67F315C212B5}.Release|x64.ActiveCfg = Release|Any CPU
		{9399C6B2-9BC4-4E56-9074-67F315C212B5}.Release|x64.Build.0 = Release|Any CPU
		{9399C6B2-9BC4-4E56-9074-67F315C212B5}.Release|x86.ActiveCfg = Release|Any CPU
		{9399C6B2-9BC4-4E56-9074-67F315C212B5}.Release|x86.Build.0 = Release|Any CPU
		{96D69D37-0712-4542-BC96-3522EE327872}.Debug|Any CPU.ActiveCfg = Debug|Any CPU
		{96D69D37-0712-4542-BC96-3522EE327872}.Debug|Any CPU.Build.0 = Debug|Any CPU
		{96D69D37-0712-4542-BC96-3522EE327872}.Debug|x64.ActiveCfg = Debug|Any CPU
		{96D69D37-0712-4542-BC96-3522EE327872}.Debug|x64.Build.0 = Debug|Any CPU
		{96D69D37-0712-4542-BC96-3522EE327872}.Debug|x86.ActiveCfg = Debug|Any CPU
		{96D69D37-0712-4542-BC96-3522EE327872}.Debug|x86.Build.0 = Debug|Any CPU
		{96D69D37-0712-4542-BC96-3522EE327872}.Release|Any CPU.ActiveCfg = Release|Any CPU
		{96D69D37-0712-4542-BC96-3522EE327872}.Release|Any CPU.Build.0 = Release|Any CPU
		{96D69D37-0712-4542-BC96-3522EE327872}.Release|x64.ActiveCfg = Release|Any CPU
		{96D69D37-0712-4542-BC96-3522EE327872}.Release|x64.Build.0 = Release|Any CPU
		{96D69D37-0712-4542-BC96-3522EE327872}.Release|x86.ActiveCfg = Release|Any CPU
		{96D69D37-0712-4542-BC96-3522EE327872}.Release|x86.Build.0 = Release|Any CPU
	EndGlobalSection
	GlobalSection(SolutionProperties) = preSolution
		HideSolutionNode = FALSE
	EndGlobalSection
	GlobalSection(NestedProjects) = preSolution
		{1DF00BDF-E055-48EA-BF00-38A6C481DF7B} = {7A5CE212-49EB-4FF8-9873-2BAEE35C0ECC}
		{9399C6B2-9BC4-4E56-9074-67F315C212B5} = {2C28D0C8-194B-48D7-83FD-75E7A24B2050}
		{96D69D37-0712-4542-BC96-3522EE327872} = {A75889C4-1547-447C-AC82-1C039908F479}
	EndGlobalSection
	GlobalSection(ExtensibilityGlobals) = postSolution
		SolutionGuid = {2C078072-06BA-4965-A4AB-5227850A4756}
	EndGlobalSection
EndGlobal
