
Microsoft Visual Studio Solution File, Format Version 12.00
# Visual Studio Version 16
VisualStudioVersion = 16.0.30413.136
MinimumVisualStudioVersion = 15.0.26124.0
Project("{2150E333-8FDC-42A3-9474-1A3956D46DE8}") = "Domain", "Domain", "{7A5CE212-49EB-4FF8-9873-2BAEE35C0ECC}"
EndProject
Project("{2150E333-8FDC-42A3-9474-1A3956D46DE8}") = "Infra.Bus", "Infra.Bus", "{2C28D0C8-194B-48D7-83FD-75E7A24B2050}"
EndProject
Project("{2150E333-8FDC-42A3-9474-1A3956D46DE8}") = "Infra.IOC", "Infra.IOC", "{A75889C4-1547-447C-AC82-1C039908F479}"
EndProject
Project("{2150E333-8FDC-42A3-9474-1A3956D46DE8}") = "Microservices", "Microservices", "{102781C6-5BEE-47D1-8917-C9609ECA7ABB}"
EndProject
Project("{2150E333-8FDC-42A3-9474-1A3956D46DE8}") = "Presentation", "Presentation", "{2BCD47DB-DFA4-48D7-BC20-6B9C051166EF}"
EndProject
Project("{9A19103F-16F7-4668-BE54-9A1E7A4F7556}") = "MicroRabbit.Domain.Core", "MicroRabbit.Domain.Core\MicroRabbit.Domain.Core.csproj", "{1DF00BDF-E055-48EA-BF00-38A6C481DF7B}"
EndProject
Project("{9A19103F-16F7-4668-BE54-9A1E7A4F7556}") = "MicroRabbit.Infra.Bus", "MicroRabbit.Infra.Bus\MicroRabbit.Infra.Bus.csproj", "{9399C6B2-9BC4-4E56-9074-67F315C212B5}"
EndProject
Project("{9A19103F-16F7-4668-BE54-9A1E7A4F7556}") = "MicroRabbit.Infra.IoC", "MicroRabbit.Infra.IoC\MicroRabbit.Infra.IoC.csproj", "{96D69D37-0712-4542-BC96-3522EE327872}"
EndProject
Project("{2150E333-8FDC-42A3-9474-1A3956D46DE8}") = "Banking", "Banking", "{D53AB88A-AF86-4611-844E-4D9FE027900A}"
EndProject
Project("{2150E333-8FDC-42A3-9474-1A3956D46DE8}") = "Api", "Api", "{66774A57-91A6-432E-9EE5-7B5FDE0F1506}"
EndProject
Project("{2150E333-8FDC-42A3-9474-1A3956D46DE8}") = "Application", "Application", "{F88EE206-0A0A-4F78-A121-42A027FD5739}"
EndProject
Project("{2150E333-8FDC-42A3-9474-1A3956D46DE8}") = "Data", "Data", "{DCD91637-F057-4939-8385-E9208CC7C538}"
EndProject
Project("{2150E333-8FDC-42A3-9474-1A3956D46DE8}") = "Domain", "Domain", "{C50FD123-F3C3-481B-BB3B-08E84EE0989E}"
EndProject
Project("{9A19103F-16F7-4668-BE54-9A1E7A4F7556}") = "MicroRabbit.Banking.Api", "MicroRabbit.Banking.Api\MicroRabbit.Banking.Api.csproj", "{202F090D-6E7D-448C-A64D-515B3F460245}"
EndProject
Project("{9A19103F-16F7-4668-BE54-9A1E7A4F7556}") = "MicroRabbit.Banking.Application", "MicroRabbit.Banking.Application\MicroRabbit.Banking.Application.csproj", "{D8D069D8-9794-4F6D-991E-7D132FF6D34F}"
EndProject
Project("{9A19103F-16F7-4668-BE54-9A1E7A4F7556}") = "MicroRabbit.Banking.Data", "MicroRabbit.Banking.Data\MicroRabbit.Banking.Data.csproj", "{7BA996D9-ABFA-4A2C-A0D7-8339BC49E733}"
EndProject
Project("{9A19103F-16F7-4668-BE54-9A1E7A4F7556}") = "MicroRabbit.Banking.Domain", "MicroRabbit.Banking.Domain\MicroRabbit.Banking.Domain.csproj", "{1BB38955-B390-4080-AABA-A645ABDF3F1D}"
EndProject
Project("{2150E333-8FDC-42A3-9474-1A3956D46DE8}") = "Transfer", "Transfer", "{56833DFF-7D36-47A4-8000-9831229A86C9}"
EndProject
Project("{2150E333-8FDC-42A3-9474-1A3956D46DE8}") = "Api", "Api", "{87266E5D-3FA2-4DA8-85A8-65C2B2B58C57}"
EndProject
Project("{2150E333-8FDC-42A3-9474-1A3956D46DE8}") = "Application", "Application", "{EB339CBC-1B64-4C35-951A-72B10C480A44}"
EndProject
Project("{2150E333-8FDC-42A3-9474-1A3956D46DE8}") = "Data", "Data", "{7C82E03D-37F1-4758-B288-927C2AE00DA2}"
EndProject
Project("{2150E333-8FDC-42A3-9474-1A3956D46DE8}") = "Domain", "Domain", "{A4A308C0-3E6D-4222-9516-51D526A1A6BA}"
EndProject
Project("{9A19103F-16F7-4668-BE54-9A1E7A4F7556}") = "MicroRabbit.Transfer.Api", "MicroRabbit.Transfer.Api\MicroRabbit.Transfer.Api.csproj", "{7B800D57-94B6-406B-BA10-0E71255048A9}"
EndProject
Project("{9A19103F-16F7-4668-BE54-9A1E7A4F7556}") = "MicroRabbit.Transfer.Application", "MicroRabbit.Transfer.Application\MicroRabbit.Transfer.Application.csproj", "{716559CF-9119-4665-A073-5403D8ED6384}"
EndProject
Project("{9A19103F-16F7-4668-BE54-9A1E7A4F7556}") = "MicroRabbit.Transfer.Data", "MicroRabbit.Transfer.Data\MicroRabbit.Transfer.Data.csproj", "{F7C606E3-428E-4617-854F-50726F3513E6}"
EndProject
Project("{9A19103F-16F7-4668-BE54-9A1E7A4F7556}") = "MicroRabbit.Transfer.Domain", "MicroRabbit.Transfer.Domain\MicroRabbit.Transfer.Domain.csproj", "{E3557978-A2E0-48C3-ADE5-6191D3698A38}"
EndProject
Project("{FAE04EC0-301F-11D3-BF4B-00C04F79EFBC}") = "MicroRabbit.MVC", "MicroRabbit.MVC\MicroRabbit.MVC.csproj", "{114E2771-AC14-4915-8618-6520DE6EE4D4}"
EndProject
Global
	GlobalSection(SolutionConfigurationPlatforms) = preSolution
		Debug|Any CPU = Debug|Any CPU
		Debug|x64 = Debug|x64
		Debug|x86 = Debug|x86
		Release|Any CPU = Release|Any CPU
		Release|x64 = Release|x64
		Release|x86 = Release|x86
	EndGlobalSection
	GlobalSection(ProjectConfigurationPlatforms) = postSolution
		{1DF00BDF-E055-48EA-BF00-38A6C481DF7B}.Debug|Any CPU.ActiveCfg = Debug|Any CPU
		{1DF00BDF-E055-48EA-BF00-38A6C481DF7B}.Debug|Any CPU.Build.0 = Debug|Any CPU
		{1DF00BDF-E055-48EA-BF00-38A6C481DF7B}.Debug|x64.ActiveCfg = Debug|Any CPU
		{1DF00BDF-E055-48EA-BF00-38A6C481DF7B}.Debug|x64.Build.0 = Debug|Any CPU
		{1DF00BDF-E055-48EA-BF00-38A6C481DF7B}.Debug|x86.ActiveCfg = Debug|Any CPU
		{1DF00BDF-E055-48EA-BF00-38A6C481DF7B}.Debug|x86.Build.0 = Debug|Any CPU
		{1DF00BDF-E055-48EA-BF00-38A6C481DF7B}.Release|Any CPU.ActiveCfg = Release|Any CPU
		{1DF00BDF-E055-48EA-BF00-38A6C481DF7B}.Release|Any CPU.Build.0 = Release|Any CPU
		{1DF00BDF-E055-48EA-BF00-38A6C481DF7B}.Release|x64.ActiveCfg = Release|Any CPU
		{1DF00BDF-E055-48EA-BF00-38A6C481DF7B}.Release|x64.Build.0 = Release|Any CPU
		{1DF00BDF-E055-48EA-BF00-38A6C481DF7B}.Release|x86.ActiveCfg = Release|Any CPU
		{1DF00BDF-E055-48EA-BF00-38A6C481DF7B}.Release|x86.Build.0 = Release|Any CPU
		{9399C6B2-9BC4-4E56-9074-67F315C212B5}.Debug|Any CPU.ActiveCfg = Debug|Any CPU
		{9399C6B2-9BC4-4E56-9074-67F315C212B5}.Debug|Any CPU.Build.0 = Debug|Any CPU
		{9399C6B2-9BC4-4E56-9074-67F315C212B5}.Debug|x64.ActiveCfg = Debug|Any CPU
		{9399C6B2-9BC4-4E56-9074-67F315C212B5}.Debug|x64.Build.0 = Debug|Any CPU
		{9399C6B2-9BC4-4E56-9074-67F315C212B5}.Debug|x86.ActiveCfg = Debug|Any CPU
		{9399C6B2-9BC4-4E56-9074-67F315C212B5}.Debug|x86.Build.0 = Debug|Any CPU
		{9399C6B2-9BC4-4E56-9074-67F315C212B5}.Release|Any CPU.ActiveCfg = Release|Any CPU
		{9399C6B2-9BC4-4E56-9074-67F315C212B5}.Release|Any CPU.Build.0 = Release|Any CPU
		{9399C6B2-9BC4-4E56-9074-67F315C212B5}.Release|x64.ActiveCfg = Release|Any CPU
		{9399C6B2-9BC4-4E56-9074-67F315C212B5}.Release|x64.Build.0 = Release|Any CPU
		{9399C6B2-9BC4-4E56-9074-67F315C212B5}.Release|x86.ActiveCfg = Release|Any CPU
		{9399C6B2-9BC4-4E56-9074-67F315C212B5}.Release|x86.Build.0 = Release|Any CPU
		{96D69D37-0712-4542-BC96-3522EE327872}.Debug|Any CPU.ActiveCfg = Debug|Any CPU
		{96D69D37-0712-4542-BC96-3522EE327872}.Debug|Any CPU.Build.0 = Debug|Any CPU
		{96D69D37-0712-4542-BC96-3522EE327872}.Debug|x64.ActiveCfg = Debug|Any CPU
		{96D69D37-0712-4542-BC96-3522EE327872}.Debug|x64.Build.0 = Debug|Any CPU
		{96D69D37-0712-4542-BC96-3522EE327872}.Debug|x86.ActiveCfg = Debug|Any CPU
		{96D69D37-0712-4542-BC96-3522EE327872}.Debug|x86.Build.0 = Debug|Any CPU
		{96D69D37-0712-4542-BC96-3522EE327872}.Release|Any CPU.ActiveCfg = Release|Any CPU
		{96D69D37-0712-4542-BC96-3522EE327872}.Release|Any CPU.Build.0 = Release|Any CPU
		{96D69D37-0712-4542-BC96-3522EE327872}.Release|x64.ActiveCfg = Release|Any CPU
		{96D69D37-0712-4542-BC96-3522EE327872}.Release|x64.Build.0 = Release|Any CPU
		{96D69D37-0712-4542-BC96-3522EE327872}.Release|x86.ActiveCfg = Release|Any CPU
		{96D69D37-0712-4542-BC96-3522EE327872}.Release|x86.Build.0 = Release|Any CPU
		{202F090D-6E7D-448C-A64D-515B3F460245}.Debug|Any CPU.ActiveCfg = Debug|Any CPU
		{202F090D-6E7D-448C-A64D-515B3F460245}.Debug|Any CPU.Build.0 = Debug|Any CPU
		{202F090D-6E7D-448C-A64D-515B3F460245}.Debug|x64.ActiveCfg = Debug|Any CPU
		{202F090D-6E7D-448C-A64D-515B3F460245}.Debug|x64.Build.0 = Debug|Any CPU
		{202F090D-6E7D-448C-A64D-515B3F460245}.Debug|x86.ActiveCfg = Debug|Any CPU
		{202F090D-6E7D-448C-A64D-515B3F460245}.Debug|x86.Build.0 = Debug|Any CPU
		{202F090D-6E7D-448C-A64D-515B3F460245}.Release|Any CPU.ActiveCfg = Release|Any CPU
		{202F090D-6E7D-448C-A64D-515B3F460245}.Release|Any CPU.Build.0 = Release|Any CPU
		{202F090D-6E7D-448C-A64D-515B3F460245}.Release|x64.ActiveCfg = Release|Any CPU
		{202F090D-6E7D-448C-A64D-515B3F460245}.Release|x64.Build.0 = Release|Any CPU
		{202F090D-6E7D-448C-A64D-515B3F460245}.Release|x86.ActiveCfg = Release|Any CPU
		{202F090D-6E7D-448C-A64D-515B3F460245}.Release|x86.Build.0 = Release|Any CPU
		{D8D069D8-9794-4F6D-991E-7D132FF6D34F}.Debug|Any CPU.ActiveCfg = Debug|Any CPU
		{D8D069D8-9794-4F6D-991E-7D132FF6D34F}.Debug|Any CPU.Build.0 = Debug|Any CPU
		{D8D069D8-9794-4F6D-991E-7D132FF6D34F}.Debug|x64.ActiveCfg = Debug|Any CPU
		{D8D069D8-9794-4F6D-991E-7D132FF6D34F}.Debug|x64.Build.0 = Debug|Any CPU
		{D8D069D8-9794-4F6D-991E-7D132FF6D34F}.Debug|x86.ActiveCfg = Debug|Any CPU
		{D8D069D8-9794-4F6D-991E-7D132FF6D34F}.Debug|x86.Build.0 = Debug|Any CPU
		{D8D069D8-9794-4F6D-991E-7D132FF6D34F}.Release|Any CPU.ActiveCfg = Release|Any CPU
		{D8D069D8-9794-4F6D-991E-7D132FF6D34F}.Release|Any CPU.Build.0 = Release|Any CPU
		{D8D069D8-9794-4F6D-991E-7D132FF6D34F}.Release|x64.ActiveCfg = Release|Any CPU
		{D8D069D8-9794-4F6D-991E-7D132FF6D34F}.Release|x64.Build.0 = Release|Any CPU
		{D8D069D8-9794-4F6D-991E-7D132FF6D34F}.Release|x86.ActiveCfg = Release|Any CPU
		{D8D069D8-9794-4F6D-991E-7D132FF6D34F}.Release|x86.Build.0 = Release|Any CPU
		{7BA996D9-ABFA-4A2C-A0D7-8339BC49E733}.Debug|Any CPU.ActiveCfg = Debug|Any CPU
		{7BA996D9-ABFA-4A2C-A0D7-8339BC49E733}.Debug|Any CPU.Build.0 = Debug|Any CPU
		{7BA996D9-ABFA-4A2C-A0D7-8339BC49E733}.Debug|x64.ActiveCfg = Debug|Any CPU
		{7BA996D9-ABFA-4A2C-A0D7-8339BC49E733}.Debug|x64.Build.0 = Debug|Any CPU
		{7BA996D9-ABFA-4A2C-A0D7-8339BC49E733}.Debug|x86.ActiveCfg = Debug|Any CPU
		{7BA996D9-ABFA-4A2C-A0D7-8339BC49E733}.Debug|x86.Build.0 = Debug|Any CPU
		{7BA996D9-ABFA-4A2C-A0D7-8339BC49E733}.Release|Any CPU.ActiveCfg = Release|Any CPU
		{7BA996D9-ABFA-4A2C-A0D7-8339BC49E733}.Release|Any CPU.Build.0 = Release|Any CPU
		{7BA996D9-ABFA-4A2C-A0D7-8339BC49E733}.Release|x64.ActiveCfg = Release|Any CPU
		{7BA996D9-ABFA-4A2C-A0D7-8339BC49E733}.Release|x64.Build.0 = Release|Any CPU
		{7BA996D9-ABFA-4A2C-A0D7-8339BC49E733}.Release|x86.ActiveCfg = Release|Any CPU
		{7BA996D9-ABFA-4A2C-A0D7-8339BC49E733}.Release|x86.Build.0 = Release|Any CPU
		{1BB38955-B390-4080-AABA-A645ABDF3F1D}.Debug|Any CPU.ActiveCfg = Debug|Any CPU
		{1BB38955-B390-4080-AABA-A645ABDF3F1D}.Debug|Any CPU.Build.0 = Debug|Any CPU
		{1BB38955-B390-4080-AABA-A645ABDF3F1D}.Debug|x64.ActiveCfg = Debug|Any CPU
		{1BB38955-B390-4080-AABA-A645ABDF3F1D}.Debug|x64.Build.0 = Debug|Any CPU
		{1BB38955-B390-4080-AABA-A645ABDF3F1D}.Debug|x86.ActiveCfg = Debug|Any CPU
		{1BB38955-B390-4080-AABA-A645ABDF3F1D}.Debug|x86.Build.0 = Debug|Any CPU
		{1BB38955-B390-4080-AABA-A645ABDF3F1D}.Release|Any CPU.ActiveCfg = Release|Any CPU
		{1BB38955-B390-4080-AABA-A645ABDF3F1D}.Release|Any CPU.Build.0 = Release|Any CPU
		{1BB38955-B390-4080-AABA-A645ABDF3F1D}.Release|x64.ActiveCfg = Release|Any CPU
		{1BB38955-B390-4080-AABA-A645ABDF3F1D}.Release|x64.Build.0 = Release|Any CPU
		{1BB38955-B390-4080-AABA-A645ABDF3F1D}.Release|x86.ActiveCfg = Release|Any CPU
		{1BB38955-B390-4080-AABA-A645ABDF3F1D}.Release|x86.Build.0 = Release|Any CPU
		{7B800D57-94B6-406B-BA10-0E71255048A9}.Debug|Any CPU.ActiveCfg = Debug|Any CPU
		{7B800D57-94B6-406B-BA10-0E71255048A9}.Debug|Any CPU.Build.0 = Debug|Any CPU
		{7B800D57-94B6-406B-BA10-0E71255048A9}.Debug|x64.ActiveCfg = Debug|Any CPU
		{7B800D57-94B6-406B-BA10-0E71255048A9}.Debug|x64.Build.0 = Debug|Any CPU
		{7B800D57-94B6-406B-BA10-0E71255048A9}.Debug|x86.ActiveCfg = Debug|Any CPU
		{7B800D57-94B6-406B-BA10-0E71255048A9}.Debug|x86.Build.0 = Debug|Any CPU
		{7B800D57-94B6-406B-BA10-0E71255048A9}.Release|Any CPU.ActiveCfg = Release|Any CPU
		{7B800D57-94B6-406B-BA10-0E71255048A9}.Release|Any CPU.Build.0 = Release|Any CPU
		{7B800D57-94B6-406B-BA10-0E71255048A9}.Release|x64.ActiveCfg = Release|Any CPU
		{7B800D57-94B6-406B-BA10-0E71255048A9}.Release|x64.Build.0 = Release|Any CPU
		{7B800D57-94B6-406B-BA10-0E71255048A9}.Release|x86.ActiveCfg = Release|Any CPU
		{7B800D57-94B6-406B-BA10-0E71255048A9}.Release|x86.Build.0 = Release|Any CPU
		{716559CF-9119-4665-A073-5403D8ED6384}.Debug|Any CPU.ActiveCfg = Debug|Any CPU
		{716559CF-9119-4665-A073-5403D8ED6384}.Debug|Any CPU.Build.0 = Debug|Any CPU
		{716559CF-9119-4665-A073-5403D8ED6384}.Debug|x64.ActiveCfg = Debug|Any CPU
		{716559CF-9119-4665-A073-5403D8ED6384}.Debug|x64.Build.0 = Debug|Any CPU
		{716559CF-9119-4665-A073-5403D8ED6384}.Debug|x86.ActiveCfg = Debug|Any CPU
		{716559CF-9119-4665-A073-5403D8ED6384}.Debug|x86.Build.0 = Debug|Any CPU
		{716559CF-9119-4665-A073-5403D8ED6384}.Release|Any CPU.ActiveCfg = Release|Any CPU
		{716559CF-9119-4665-A073-5403D8ED6384}.Release|Any CPU.Build.0 = Release|Any CPU
		{716559CF-9119-4665-A073-5403D8ED6384}.Release|x64.ActiveCfg = Release|Any CPU
		{716559CF-9119-4665-A073-5403D8ED6384}.Release|x64.Build.0 = Release|Any CPU
		{716559CF-9119-4665-A073-5403D8ED6384}.Release|x86.ActiveCfg = Release|Any CPU
		{716559CF-9119-4665-A073-5403D8ED6384}.Release|x86.Build.0 = Release|Any CPU
		{F7C606E3-428E-4617-854F-50726F3513E6}.Debug|Any CPU.ActiveCfg = Debug|Any CPU
		{F7C606E3-428E-4617-854F-50726F3513E6}.Debug|Any CPU.Build.0 = Debug|Any CPU
		{F7C606E3-428E-4617-854F-50726F3513E6}.Debug|x64.ActiveCfg = Debug|Any CPU
		{F7C606E3-428E-4617-854F-50726F3513E6}.Debug|x64.Build.0 = Debug|Any CPU
		{F7C606E3-428E-4617-854F-50726F3513E6}.Debug|x86.ActiveCfg = Debug|Any CPU
		{F7C606E3-428E-4617-854F-50726F3513E6}.Debug|x86.Build.0 = Debug|Any CPU
		{F7C606E3-428E-4617-854F-50726F3513E6}.Release|Any CPU.ActiveCfg = Release|Any CPU
		{F7C606E3-428E-4617-854F-50726F3513E6}.Release|Any CPU.Build.0 = Release|Any CPU
		{F7C606E3-428E-4617-854F-50726F3513E6}.Release|x64.ActiveCfg = Release|Any CPU
		{F7C606E3-428E-4617-854F-50726F3513E6}.Release|x64.Build.0 = Release|Any CPU
		{F7C606E3-428E-4617-854F-50726F3513E6}.Release|x86.ActiveCfg = Release|Any CPU
		{F7C606E3-428E-4617-854F-50726F3513E6}.Release|x86.Build.0 = Release|Any CPU
		{E3557978-A2E0-48C3-ADE5-6191D3698A38}.Debug|Any CPU.ActiveCfg = Debug|Any CPU
		{E3557978-A2E0-48C3-ADE5-6191D3698A38}.Debug|Any CPU.Build.0 = Debug|Any CPU
		{E3557978-A2E0-48C3-ADE5-6191D3698A38}.Debug|x64.ActiveCfg = Debug|Any CPU
		{E3557978-A2E0-48C3-ADE5-6191D3698A38}.Debug|x64.Build.0 = Debug|Any CPU
		{E3557978-A2E0-48C3-ADE5-6191D3698A38}.Debug|x86.ActiveCfg = Debug|Any CPU
		{E3557978-A2E0-48C3-ADE5-6191D3698A38}.Debug|x86.Build.0 = Debug|Any CPU
		{E3557978-A2E0-48C3-ADE5-6191D3698A38}.Release|Any CPU.ActiveCfg = Release|Any CPU
		{E3557978-A2E0-48C3-ADE5-6191D3698A38}.Release|Any CPU.Build.0 = Release|Any CPU
		{E3557978-A2E0-48C3-ADE5-6191D3698A38}.Release|x64.ActiveCfg = Release|Any CPU
		{E3557978-A2E0-48C3-ADE5-6191D3698A38}.Release|x64.Build.0 = Release|Any CPU
		{E3557978-A2E0-48C3-ADE5-6191D3698A38}.Release|x86.ActiveCfg = Release|Any CPU
		{E3557978-A2E0-48C3-ADE5-6191D3698A38}.Release|x86.Build.0 = Release|Any CPU
		{114E2771-AC14-4915-8618-6520DE6EE4D4}.Debug|Any CPU.ActiveCfg = Debug|Any CPU
		{114E2771-AC14-4915-8618-6520DE6EE4D4}.Debug|Any CPU.Build.0 = Debug|Any CPU
		{114E2771-AC14-4915-8618-6520DE6EE4D4}.Debug|x64.ActiveCfg = Debug|Any CPU
		{114E2771-AC14-4915-8618-6520DE6EE4D4}.Debug|x64.Build.0 = Debug|Any CPU
		{114E2771-AC14-4915-8618-6520DE6EE4D4}.Debug|x86.ActiveCfg = Debug|Any CPU
		{114E2771-AC14-4915-8618-6520DE6EE4D4}.Debug|x86.Build.0 = Debug|Any CPU
		{114E2771-AC14-4915-8618-6520DE6EE4D4}.Release|Any CPU.ActiveCfg = Release|Any CPU
		{114E2771-AC14-4915-8618-6520DE6EE4D4}.Release|Any CPU.Build.0 = Release|Any CPU
		{114E2771-AC14-4915-8618-6520DE6EE4D4}.Release|x64.ActiveCfg = Release|Any CPU
		{114E2771-AC14-4915-8618-6520DE6EE4D4}.Release|x64.Build.0 = Release|Any CPU
		{114E2771-AC14-4915-8618-6520DE6EE4D4}.Release|x86.ActiveCfg = Release|Any CPU
		{114E2771-AC14-4915-8618-6520DE6EE4D4}.Release|x86.Build.0 = Release|Any CPU
	EndGlobalSection
	GlobalSection(SolutionProperties) = preSolution
		HideSolutionNode = FALSE
	EndGlobalSection
	GlobalSection(NestedProjects) = preSolution
		{1DF00BDF-E055-48EA-BF00-38A6C481DF7B} = {7A5CE212-49EB-4FF8-9873-2BAEE35C0ECC}
		{9399C6B2-9BC4-4E56-9074-67F315C212B5} = {2C28D0C8-194B-48D7-83FD-75E7A24B2050}
		{96D69D37-0712-4542-BC96-3522EE327872} = {A75889C4-1547-447C-AC82-1C039908F479}
		{D53AB88A-AF86-4611-844E-4D9FE027900A} = {102781C6-5BEE-47D1-8917-C9609ECA7ABB}
		{66774A57-91A6-432E-9EE5-7B5FDE0F1506} = {D53AB88A-AF86-4611-844E-4D9FE027900A}
		{F88EE206-0A0A-4F78-A121-42A027FD5739} = {D53AB88A-AF86-4611-844E-4D9FE027900A}
		{DCD91637-F057-4939-8385-E9208CC7C538} = {D53AB88A-AF86-4611-844E-4D9FE027900A}
		{C50FD123-F3C3-481B-BB3B-08E84EE0989E} = {D53AB88A-AF86-4611-844E-4D9FE027900A}
		{202F090D-6E7D-448C-A64D-515B3F460245} = {66774A57-91A6-432E-9EE5-7B5FDE0F1506}
		{D8D069D8-9794-4F6D-991E-7D132FF6D34F} = {F88EE206-0A0A-4F78-A121-42A027FD5739}
		{7BA996D9-ABFA-4A2C-A0D7-8339BC49E733} = {DCD91637-F057-4939-8385-E9208CC7C538}
		{1BB38955-B390-4080-AABA-A645ABDF3F1D} = {C50FD123-F3C3-481B-BB3B-08E84EE0989E}
		{56833DFF-7D36-47A4-8000-9831229A86C9} = {102781C6-5BEE-47D1-8917-C9609ECA7ABB}
		{87266E5D-3FA2-4DA8-85A8-65C2B2B58C57} = {56833DFF-7D36-47A4-8000-9831229A86C9}
		{EB339CBC-1B64-4C35-951A-72B10C480A44} = {56833DFF-7D36-47A4-8000-9831229A86C9}
		{7C82E03D-37F1-4758-B288-927C2AE00DA2} = {56833DFF-7D36-47A4-8000-9831229A86C9}
		{A4A308C0-3E6D-4222-9516-51D526A1A6BA} = {56833DFF-7D36-47A4-8000-9831229A86C9}
		{7B800D57-94B6-406B-BA10-0E71255048A9} = {87266E5D-3FA2-4DA8-85A8-65C2B2B58C57}
		{716559CF-9119-4665-A073-5403D8ED6384} = {EB339CBC-1B64-4C35-951A-72B10C480A44}
		{F7C606E3-428E-4617-854F-50726F3513E6} = {7C82E03D-37F1-4758-B288-927C2AE00DA2}
		{E3557978-A2E0-48C3-ADE5-6191D3698A38} = {A4A308C0-3E6D-4222-9516-51D526A1A6BA}
		{114E2771-AC14-4915-8618-6520DE6EE4D4} = {2BCD47DB-DFA4-48D7-BC20-6B9C051166EF}
	EndGlobalSection
	GlobalSection(ExtensibilityGlobals) = postSolution
		SolutionGuid = {2C078072-06BA-4965-A4AB-5227850A4756}
	EndGlobalSection
EndGlobal
